// !$*UTF8*$!
{
	archiveVersion = 1;
	classes = {
	};
	objectVersion = 50;
	objects = {

/* Begin PBXBuildFile section */
		03E3995826ADDF78001825BE /* AppDelegate.swift in Sources */ = {isa = PBXBuildFile; fileRef = 03E3995726ADDF78001825BE /* AppDelegate.swift */; };
		03E3995A26ADDF78001825BE /* SceneDelegate.swift in Sources */ = {isa = PBXBuildFile; fileRef = 03E3995926ADDF78001825BE /* SceneDelegate.swift */; };
		03E3995C26ADDF78001825BE /* ViewController.swift in Sources */ = {isa = PBXBuildFile; fileRef = 03E3995B26ADDF78001825BE /* ViewController.swift */; };
		03E3995F26ADDF78001825BE /* Main.storyboard in Resources */ = {isa = PBXBuildFile; fileRef = 03E3995D26ADDF78001825BE /* Main.storyboard */; };
		03E3996126ADDF79001825BE /* Assets.xcassets in Resources */ = {isa = PBXBuildFile; fileRef = 03E3996026ADDF79001825BE /* Assets.xcassets */; };
		03E3996426ADDF79001825BE /* LaunchScreen.storyboard in Resources */ = {isa = PBXBuildFile; fileRef = 03E3996226ADDF79001825BE /* LaunchScreen.storyboard */; };
		03E3996D26AE0DC7001825BE /* TestPage.html in Resources */ = {isa = PBXBuildFile; fileRef = 03E3996C26AE0DC7001825BE /* TestPage.html */; };
/* End PBXBuildFile section */

/* Begin PBXFileReference section */
		03E3995426ADDF78001825BE /* #4 WebKit.app */ = {isa = PBXFileReference; explicitFileType = wrapper.application; includeInIndex = 0; path = "#4 WebKit.app"; sourceTree = BUILT_PRODUCTS_DIR; };
		03E3995726ADDF78001825BE /* AppDelegate.swift */ = {isa = PBXFileReference; lastKnownFileType = sourcecode.swift; path = AppDelegate.swift; sourceTree = "<group>"; };
		03E3995926ADDF78001825BE /* SceneDelegate.swift */ = {isa = PBXFileReference; lastKnownFileType = sourcecode.swift; path = SceneDelegate.swift; sourceTree = "<group>"; };
		03E3995B26ADDF78001825BE /* ViewController.swift */ = {isa = PBXFileReference; lastKnownFileType = sourcecode.swift; path = ViewController.swift; sourceTree = "<group>"; };
		03E3995E26ADDF78001825BE /* Base */ = {isa = PBXFileReference; lastKnownFileType = file.storyboard; name = Base; path = Base.lproj/Main.storyboard; sourceTree = "<group>"; };
		03E3996026ADDF79001825BE /* Assets.xcassets */ = {isa = PBXFileReference; lastKnownFileType = folder.assetcatalog; path = Assets.xcassets; sourceTree = "<group>"; };
		03E3996326ADDF79001825BE /* Base */ = {isa = PBXFileReference; lastKnownFileType = file.storyboard; name = Base; path = Base.lproj/LaunchScreen.storyboard; sourceTree = "<group>"; };
		03E3996526ADDF79001825BE /* Info.plist */ = {isa = PBXFileReference; lastKnownFileType = text.plist.xml; path = Info.plist; sourceTree = "<group>"; };
		03E3996C26AE0DC7001825BE /* TestPage.html */ = {isa = PBXFileReference; fileEncoding = 4; lastKnownFileType = text.html; path = TestPage.html; sourceTree = "<group>"; };
/* End PBXFileReference section */

/* Begin PBXFrameworksBuildPhase section */
		03E3995126ADDF78001825BE /* Frameworks */ = {
			isa = PBXFrameworksBuildPhase;
			buildActionMask = 2147483647;
			files = (
			);
			runOnlyForDeploymentPostprocessing = 0;
		};
/* End PBXFrameworksBuildPhase section */

/* Begin PBXGroup section */
		03E3994B26ADDF78001825BE = {
			isa = PBXGroup;
			children = (
				03E3995626ADDF78001825BE /* #4 WebKit */,
				03E3995526ADDF78001825BE /* Products */,
			);
			sourceTree = "<group>";
		};
		03E3995526ADDF78001825BE /* Products */ = {
			isa = PBXGroup;
			children = (
				03E3995426ADDF78001825BE /* #4 WebKit.app */,
			);
			name = Products;
			sourceTree = "<group>";
		};
		03E3995626ADDF78001825BE /* #4 WebKit */ = {
			isa = PBXGroup;
			children = (
				03E3995726ADDF78001825BE /* AppDelegate.swift */,
				03E3995926ADDF78001825BE /* SceneDelegate.swift */,
				03E3995B26ADDF78001825BE /* ViewController.swift */,
				03E3995D26ADDF78001825BE /* Main.storyboard */,
				03E3996026ADDF79001825BE /* Assets.xcassets */,
				03E3996C26AE0DC7001825BE /* TestPage.html */,
				03E3996226ADDF79001825BE /* LaunchScreen.storyboard */,
				03E3996526ADDF79001825BE /* Info.plist */,
			);
			path = "#4 WebKit";
			sourceTree = "<group>";
		};
/* End PBXGroup section */

/* Begin PBXNativeTarget section */
		03E3995326ADDF78001825BE /* #4 WebKit */ = {
			isa = PBXNativeTarget;
			buildConfigurationList = 03E3996826ADDF79001825BE /* Build configuration list for PBXNativeTarget "#4 WebKit" */;
			buildPhases = (
				03E3995026ADDF78001825BE /* Sources */,
				03E3995126ADDF78001825BE /* Frameworks */,
				03E3995226ADDF78001825BE /* Resources */,
			);
			buildRules = (
			);
			dependencies = (
			);
			name = "#4 WebKit";
			productName = "#4 WebKit";
			productReference = 03E3995426ADDF78001825BE /* #4 WebKit.app */;
			productType = "com.apple.product-type.application";
		};
/* End PBXNativeTarget section */

/* Begin PBXProject section */
		03E3994C26ADDF78001825BE /* Project object */ = {
			isa = PBXProject;
			attributes = {
				LastSwiftUpdateCheck = 1230;
				LastUpgradeCheck = 1230;
				TargetAttributes = {
					03E3995326ADDF78001825BE = {
						CreatedOnToolsVersion = 12.3;
					};
				};
			};
			buildConfigurationList = 03E3994F26ADDF78001825BE /* Build configuration list for PBXProject "#4 WebKit" */;
			compatibilityVersion = "Xcode 9.3";
			developmentRegion = en;
			hasScannedForEncodings = 0;
			knownRegions = (
				en,
				Base,
			);
			mainGroup = 03E3994B26ADDF78001825BE;
			productRefGroup = 03E3995526ADDF78001825BE /* Products */;
			projectDirPath = "";
			projectRoot = "";
			targets = (
				03E3995326ADDF78001825BE /* #4 WebKit */,
			);
		};
/* End PBXProject section */

/* Begin PBXResourcesBuildPhase section */
		03E3995226ADDF78001825BE /* Resources */ = {
			isa = PBXResourcesBuildPhase;
			buildActionMask = 2147483647;
			files = (
				03E3996426ADDF79001825BE /* LaunchScreen.storyboard in Resources */,
				03E3996D26AE0DC7001825BE /* TestPage.html in Resources */,
				03E3996126ADDF79001825BE /* Assets.xcassets in Resources */,
				03E3995F26ADDF78001825BE /* Main.storyboard in Resources */,
			);
			runOnlyForDeploymentPostprocessing = 0;
		};
/* End PBXResourcesBuildPhase section */

/* Begin PBXSourcesBuildPhase section */
		03E3995026ADDF78001825BE /* Sources */ = {
			isa = PBXSourcesBuildPhase;
			buildActionMask = 2147483647;
			files = (
				03E3995C26ADDF78001825BE /* ViewController.swift in Sources */,
				03E3995826ADDF78001825BE /* AppDelegate.swift in Sources */,
				03E3995A26ADDF78001825BE /* SceneDelegate.swift in Sources */,
			);
			runOnlyForDeploymentPostprocessing = 0;
		};
/* End PBXSourcesBuildPhase section */

/* Begin PBXVariantGroup section */
		03E3995D26ADDF78001825BE /* Main.storyboard */ = {
			isa = PBXVariantGroup;
			children = (
				03E3995E26ADDF78001825BE /* Base */,
			);
			name = Main.storyboard;
			sourceTree = "<group>";
		};
		03E3996226ADDF79001825BE /* LaunchScreen.storyboard */ = {
			isa = PBXVariantGroup;
			children = (
				03E3996326ADDF79001825BE /* Base */,
			);
			name = LaunchScreen.storyboard;
			sourceTree = "<group>";
		};
/* End PBXVariantGroup section */

/* Begin XCBuildConfiguration section */
		03E3996626ADDF79001825BE /* Debug */ = {
			isa = XCBuildConfiguration;
			buildSettings = {
				ALWAYS_SEARCH_USER_PATHS = NO;
				CLANG_ANALYZER_NONNULL = YES;
				CLANG_ANALYZER_NUMBER_OBJECT_CONVERSION = YES_AGGRESSIVE;
				CLANG_CXX_LANGUAGE_STANDARD = "gnu++14";
				CLANG_CXX_LIBRARY = "libc++";
				CLANG_ENABLE_MODULES = YES;
				CLANG_ENABLE_OBJC_ARC = YES;
				CLANG_ENABLE_OBJC_WEAK = YES;
				CLANG_WARN_BLOCK_CAPTURE_AUTORELEASING = YES;
				CLANG_WARN_BOOL_CONVERSION = YES;
				CLANG_WARN_COMMA = YES;
				CLANG_WARN_CONSTANT_CONVERSION = YES;
				CLANG_WARN_DEPRECATED_OBJC_IMPLEMENTATIONS = YES;
				CLANG_WARN_DIRECT_OBJC_ISA_USAGE = YES_ERROR;
				CLANG_WARN_DOCUMENTATION_COMMENTS = YES;
				CLANG_WARN_EMPTY_BODY = YES;
				CLANG_WARN_ENUM_CONVERSION = YES;
				CLANG_WARN_INFINITE_RECURSION = YES;
				CLANG_WARN_INT_CONVERSION = YES;
				CLANG_WARN_NON_LITERAL_NULL_CONVERSION = YES;
				CLANG_WARN_OBJC_IMPLICIT_RETAIN_SELF = YES;
				CLANG_WARN_OBJC_LITERAL_CONVERSION = YES;
				CLANG_WARN_OBJC_ROOT_CLASS = YES_ERROR;
				CLANG_WARN_QUOTED_INCLUDE_IN_FRAMEWORK_HEADER = YES;
				CLANG_WARN_RANGE_LOOP_ANALYSIS = YES;
				CLANG_WARN_STRICT_PROTOTYPES = YES;
				CLANG_WARN_SUSPICIOUS_MOVE = YES;
				CLANG_WARN_UNGUARDED_AVAILABILITY = YES_AGGRESSIVE;
				CLANG_WARN_UNREACHABLE_CODE = YES;
				CLANG_WARN__DUPLICATE_METHOD_MATCH = YES;
				COPY_PHASE_STRIP = NO;
				DEBUG_INFORMATION_FORMAT = dwarf;
				ENABLE_STRICT_OBJC_MSGSEND = YES;
				ENABLE_TESTABILITY = YES;
				GCC_C_LANGUAGE_STANDARD = gnu11;
				GCC_DYNAMIC_NO_PIC = NO;
				GCC_NO_COMMON_BLOCKS = YES;
				GCC_OPTIMIZATION_LEVEL = 0;
				GCC_PREPROCESSOR_DEFINITIONS = (
					"DEBUG=1",
					"$(inherited)",
				);
				GCC_WARN_64_TO_32_BIT_CONVERSION = YES;
				GCC_WARN_ABOUT_RETURN_TYPE = YES_ERROR;
				GCC_WARN_UNDECLARED_SELECTOR = YES;
				GCC_WARN_UNINITIALIZED_AUTOS = YES_AGGRESSIVE;
				GCC_WARN_UNUSED_FUNCTION = YES;
				GCC_WARN_UNUSED_VARIABLE = YES;
				IPHONEOS_DEPLOYMENT_TARGET = 14.3;
				MTL_ENABLE_DEBUG_INFO = INCLUDE_SOURCE;
				MTL_FAST_MATH = YES;
				ONLY_ACTIVE_ARCH = YES;
				SDKROOT = iphoneos;
				SWIFT_ACTIVE_COMPILATION_CONDITIONS = DEBUG;
				SWIFT_OPTIMIZATION_LEVEL = "-Onone";
			};
			name = Debug;
		};
		03E3996726ADDF79001825BE /* Release */ = {
			isa = XCBuildConfiguration;
			buildSettings = {
				ALWAYS_SEARCH_USER_PATHS = NO;
				CLANG_ANALYZER_NONNULL = YES;
				CLANG_ANALYZER_NUMBER_OBJECT_CONVERSION = YES_AGGRESSIVE;
				CLANG_CXX_LANGUAGE_STANDARD = "gnu++14";
				CLANG_CXX_LIBRARY = "libc++";
				CLANG_ENABLE_MODULES = YES;
				CLANG_ENABLE_OBJC_ARC = YES;
				CLANG_ENABLE_OBJC_WEAK = YES;
				CLANG_WARN_BLOCK_CAPTURE_AUTORELEASING = YES;
				CLANG_WARN_BOOL_CONVERSION = YES;
				CLANG_WARN_COMMA = YES;
				CLANG_WARN_CONSTANT_CONVERSION = YES;
				CLANG_WARN_DEPRECATED_OBJC_IMPLEMENTATIONS = YES;
				CLANG_WARN_DIRECT_OBJC_ISA_USAGE = YES_ERROR;
				CLANG_WARN_DOCUMENTATION_COMMENTS = YES;
				CLANG_WARN_EMPTY_BODY = YES;
				CLANG_WARN_ENUM_CONVERSION = YES;
				CLANG_WARN_INFINITE_RECURSION = YES;
				CLANG_WARN_INT_CONVERSION = YES;
				CLANG_WARN_NON_LITERAL_NULL_CONVERSION = YES;
				CLANG_WARN_OBJC_IMPLICIT_RETAIN_SELF = YES;
				CLANG_WARN_OBJC_LITERAL_CONVERSION = YES;
				CLANG_WARN_OBJC_ROOT_CLASS = YES_ERROR;
				CLANG_WARN_QUOTED_INCLUDE_IN_FRAMEWORK_HEADER = YES;
				CLANG_WARN_RANGE_LOOP_ANALYSIS = YES;
				CLANG_WARN_STRICT_PROTOTYPES = YES;
				CLANG_WARN_SUSPICIOUS_MOVE = YES;
				CLANG_WARN_UNGUARDED_AVAILABILITY = YES_AGGRESSIVE;
				CLANG_WARN_UNREACHABLE_CODE = YES;
				CLANG_WARN__DUPLICATE_METHOD_MATCH = YES;
				COPY_PHASE_STRIP = NO;
				DEBUG_INFORMATION_FORMAT = "dwarf-with-dsym";
				ENABLE_NS_ASSERTIONS = NO;
				ENABLE_STRICT_OBJC_MSGSEND = YES;
				GCC_C_LANGUAGE_STANDARD = gnu11;
				GCC_NO_COMMON_BLOCKS = YES;
				GCC_WARN_64_TO_32_BIT_CONVERSION = YES;
				GCC_WARN_ABOUT_RETURN_TYPE = YES_ERROR;
				GCC_WARN_UNDECLARED_SELECTOR = YES;
				GCC_WARN_UNINITIALIZED_AUTOS = YES_AGGRESSIVE;
				GCC_WARN_UNUSED_FUNCTION = YES;
				GCC_WARN_UNUSED_VARIABLE = YES;
				IPHONEOS_DEPLOYMENT_TARGET = 14.3;
				MTL_ENABLE_DEBUG_INFO = NO;
				MTL_FAST_MATH = YES;
				SDKROOT = iphoneos;
				SWIFT_COMPILATION_MODE = wholemodule;
				SWIFT_OPTIMIZATION_LEVEL = "-O";
				VALIDATE_PRODUCT = YES;
			};
			name = Release;
		};
		03E3996926ADDF79001825BE /* Debug */ = {
			isa = XCBuildConfiguration;
			buildSettings = {
				ASSETCATALOG_COMPILER_APPICON_NAME = AppIcon;
				ASSETCATALOG_COMPILER_GLOBAL_ACCENT_COLOR_NAME = AccentColor;
				CODE_SIGN_STYLE = Automatic;
				DEVELOPMENT_TEAM = AQFFSGHN7X;
				INFOPLIST_FILE = "#4 WebKit/Info.plist";
				LD_RUNPATH_SEARCH_PATHS = (
					"$(inherited)",
					"@executable_path/Frameworks",
				);
				PRODUCT_BUNDLE_IDENTIFIER = "weets.-4-WebKit";
				PRODUCT_NAME = "$(TARGET_NAME)";
				SWIFT_VERSION = 5.0;
				TARGETED_DEVICE_FAMILY = "1,2";
			};
			name = Debug;
		};
		03E3996A26ADDF79001825BE /* Release */ = {
			isa = XCBuildConfiguration;
			buildSettings = {
				ASSETCATALOG_COMPILER_APPICON_NAME = AppIcon;
				ASSETCATALOG_COMPILER_GLOBAL_ACCENT_COLOR_NAME = AccentColor;
				CODE_SIGN_STYLE = Automatic;
				DEVELOPMENT_TEAM = AQFFSGHN7X;
				INFOPLIST_FILE = "#4 WebKit/Info.plist";
				LD_RUNPATH_SEARCH_PATHS = (
					"$(inherited)",
					"@executable_path/Frameworks",
				);
				PRODUCT_BUNDLE_IDENTIFIER = "weets.-4-WebKit";
				PRODUCT_NAME = "$(TARGET_NAME)";
				SWIFT_VERSION = 5.0;
				TARGETED_DEVICE_FAMILY = "1,2";
			};
			name = Release;
		};
/* End XCBuildConfiguration section */

/* Begin XCConfigurationList section */
		03E3994F26ADDF78001825BE /* Build configuration list for PBXProject "#4 WebKit" */ = {
			isa = XCConfigurationList;
			buildConfigurations = (
				03E3996626ADDF79001825BE /* Debug */,
				03E3996726ADDF79001825BE /* Release */,
			);
			defaultConfigurationIsVisible = 0;
			defaultConfigurationName = Release;
		};
		03E3996826ADDF79001825BE /* Build configuration list for PBXNativeTarget "#4 WebKit" */ = {
			isa = XCConfigurationList;
			buildConfigurations = (
				03E3996926ADDF79001825BE /* Debug */,
				03E3996A26ADDF79001825BE /* Release */,
			);
			defaultConfigurationIsVisible = 0;
			defaultConfigurationName = Release;
		};
/* End XCConfigurationList section */
	};
	rootObject = 03E3994C26ADDF78001825BE /* Project object */;
}
