// !$*UTF8*$!
{
	archiveVersion = 1;
	classes = {
	};
	objectVersion = 50;
	objects = {

/* Begin PBXBuildFile section */
		03EA45D026D3DD0400092347 /* AppDelegate.swift in Sources */ = {isa = PBXBuildFile; fileRef = 03EA45CF26D3DD0400092347 /* AppDelegate.swift */; };
		03EA45D226D3DD0400092347 /* SceneDelegate.swift in Sources */ = {isa = PBXBuildFile; fileRef = 03EA45D126D3DD0400092347 /* SceneDelegate.swift */; };
		03EA45D426D3DD0400092347 /* ViewController.swift in Sources */ = {isa = PBXBuildFile; fileRef = 03EA45D326D3DD0400092347 /* ViewController.swift */; };
		03EA45D726D3DD0400092347 /* Main.storyboard in Resources */ = {isa = PBXBuildFile; fileRef = 03EA45D526D3DD0400092347 /* Main.storyboard */; };
		03EA45D926D3DD0500092347 /* Assets.xcassets in Resources */ = {isa = PBXBuildFile; fileRef = 03EA45D826D3DD0500092347 /* Assets.xcassets */; };
		03EA45DC26D3DD0500092347 /* LaunchScreen.storyboard in Resources */ = {isa = PBXBuildFile; fileRef = 03EA45DA26D3DD0500092347 /* LaunchScreen.storyboard */; };
		03EA45F126D3DDD200092347 /* SourceSansPro-BlackItalic.ttf in Resources */ = {isa = PBXBuildFile; fileRef = 03EA45E526D3DDD100092347 /* SourceSansPro-BlackItalic.ttf */; };
		03EA45F226D3DDD200092347 /* SourceSansPro-ExtraLight.ttf in Resources */ = {isa = PBXBuildFile; fileRef = 03EA45E626D3DDD100092347 /* SourceSansPro-ExtraLight.ttf */; };
		03EA45F326D3DDD200092347 /* SourceSansPro-SemiBold.ttf in Resources */ = {isa = PBXBuildFile; fileRef = 03EA45E726D3DDD100092347 /* SourceSansPro-SemiBold.ttf */; };
		03EA45F426D3DDD200092347 /* SourceSansPro-Italic.ttf in Resources */ = {isa = PBXBuildFile; fileRef = 03EA45E826D3DDD100092347 /* SourceSansPro-Italic.ttf */; };
		03EA45F526D3DDD200092347 /* SourceSansPro-Bold.ttf in Resources */ = {isa = PBXBuildFile; fileRef = 03EA45E926D3DDD100092347 /* SourceSansPro-Bold.ttf */; };
		03EA45F626D3DDD200092347 /* SourceSansPro-Light.ttf in Resources */ = {isa = PBXBuildFile; fileRef = 03EA45EA26D3DDD100092347 /* SourceSansPro-Light.ttf */; };
		03EA45F726D3DDD200092347 /* SourceSansPro-Regular.ttf in Resources */ = {isa = PBXBuildFile; fileRef = 03EA45EB26D3DDD100092347 /* SourceSansPro-Regular.ttf */; };
		03EA45F826D3DDD200092347 /* SourceSansPro-ExtraLightItalic.ttf in Resources */ = {isa = PBXBuildFile; fileRef = 03EA45EC26D3DDD100092347 /* SourceSansPro-ExtraLightItalic.ttf */; };
		03EA45F926D3DDD200092347 /* SourceSansPro-BoldItalic.ttf in Resources */ = {isa = PBXBuildFile; fileRef = 03EA45ED26D3DDD100092347 /* SourceSansPro-BoldItalic.ttf */; };
		03EA45FA26D3DDD200092347 /* SourceSansPro-SemiBoldItalic.ttf in Resources */ = {isa = PBXBuildFile; fileRef = 03EA45EE26D3DDD100092347 /* SourceSansPro-SemiBoldItalic.ttf */; };
		03EA45FB26D3DDD200092347 /* SourceSansPro-LightItalic.ttf in Resources */ = {isa = PBXBuildFile; fileRef = 03EA45EF26D3DDD100092347 /* SourceSansPro-LightItalic.ttf */; };
		03EA45FC26D3DDD200092347 /* SourceSansPro-Black.ttf in Resources */ = {isa = PBXBuildFile; fileRef = 03EA45F026D3DDD100092347 /* SourceSansPro-Black.ttf */; };
		03EA460026D3DFF200092347 /* AppColors.xcassets in Resources */ = {isa = PBXBuildFile; fileRef = 03EA45FF26D3DFF200092347 /* AppColors.xcassets */; };
		03EA460326D4083200092347 /* Extension+UIFont.swift in Sources */ = {isa = PBXBuildFile; fileRef = 03EA460226D4083200092347 /* Extension+UIFont.swift */; };
/* End PBXBuildFile section */

/* Begin PBXFileReference section */
		03EA45CC26D3DD0400092347 /* #1 DarkLight+Fonts.app */ = {isa = PBXFileReference; explicitFileType = wrapper.application; includeInIndex = 0; path = "#1 DarkLight+Fonts.app"; sourceTree = BUILT_PRODUCTS_DIR; };
		03EA45CF26D3DD0400092347 /* AppDelegate.swift */ = {isa = PBXFileReference; lastKnownFileType = sourcecode.swift; path = AppDelegate.swift; sourceTree = "<group>"; };
		03EA45D126D3DD0400092347 /* SceneDelegate.swift */ = {isa = PBXFileReference; lastKnownFileType = sourcecode.swift; path = SceneDelegate.swift; sourceTree = "<group>"; };
		03EA45D326D3DD0400092347 /* ViewController.swift */ = {isa = PBXFileReference; lastKnownFileType = sourcecode.swift; path = ViewController.swift; sourceTree = "<group>"; };
		03EA45D626D3DD0400092347 /* Base */ = {isa = PBXFileReference; lastKnownFileType = file.storyboard; name = Base; path = Base.lproj/Main.storyboard; sourceTree = "<group>"; };
		03EA45D826D3DD0500092347 /* Assets.xcassets */ = {isa = PBXFileReference; lastKnownFileType = folder.assetcatalog; path = Assets.xcassets; sourceTree = "<group>"; };
		03EA45DB26D3DD0500092347 /* Base */ = {isa = PBXFileReference; lastKnownFileType = file.storyboard; name = Base; path = Base.lproj/LaunchScreen.storyboard; sourceTree = "<group>"; };
		03EA45DD26D3DD0500092347 /* Info.plist */ = {isa = PBXFileReference; lastKnownFileType = text.plist.xml; path = Info.plist; sourceTree = "<group>"; };
		03EA45E526D3DDD100092347 /* SourceSansPro-BlackItalic.ttf */ = {isa = PBXFileReference; lastKnownFileType = file; path = "SourceSansPro-BlackItalic.ttf"; sourceTree = "<group>"; };
		03EA45E626D3DDD100092347 /* SourceSansPro-ExtraLight.ttf */ = {isa = PBXFileReference; lastKnownFileType = file; path = "SourceSansPro-ExtraLight.ttf"; sourceTree = "<group>"; };
		03EA45E726D3DDD100092347 /* SourceSansPro-SemiBold.ttf */ = {isa = PBXFileReference; lastKnownFileType = file; path = "SourceSansPro-SemiBold.ttf"; sourceTree = "<group>"; };
		03EA45E826D3DDD100092347 /* SourceSansPro-Italic.ttf */ = {isa = PBXFileReference; lastKnownFileType = file; path = "SourceSansPro-Italic.ttf"; sourceTree = "<group>"; };
		03EA45E926D3DDD100092347 /* SourceSansPro-Bold.ttf */ = {isa = PBXFileReference; lastKnownFileType = file; path = "SourceSansPro-Bold.ttf"; sourceTree = "<group>"; };
		03EA45EA26D3DDD100092347 /* SourceSansPro-Light.ttf */ = {isa = PBXFileReference; lastKnownFileType = file; path = "SourceSansPro-Light.ttf"; sourceTree = "<group>"; };
		03EA45EB26D3DDD100092347 /* SourceSansPro-Regular.ttf */ = {isa = PBXFileReference; lastKnownFileType = file; path = "SourceSansPro-Regular.ttf"; sourceTree = "<group>"; };
		03EA45EC26D3DDD100092347 /* SourceSansPro-ExtraLightItalic.ttf */ = {isa = PBXFileReference; lastKnownFileType = file; path = "SourceSansPro-ExtraLightItalic.ttf"; sourceTree = "<group>"; };
		03EA45ED26D3DDD100092347 /* SourceSansPro-BoldItalic.ttf */ = {isa = PBXFileReference; lastKnownFileType = file; path = "SourceSansPro-BoldItalic.ttf"; sourceTree = "<group>"; };
		03EA45EE26D3DDD100092347 /* SourceSansPro-SemiBoldItalic.ttf */ = {isa = PBXFileReference; lastKnownFileType = file; path = "SourceSansPro-SemiBoldItalic.ttf"; sourceTree = "<group>"; };
		03EA45EF26D3DDD100092347 /* SourceSansPro-LightItalic.ttf */ = {isa = PBXFileReference; lastKnownFileType = file; path = "SourceSansPro-LightItalic.ttf"; sourceTree = "<group>"; };
		03EA45F026D3DDD100092347 /* SourceSansPro-Black.ttf */ = {isa = PBXFileReference; lastKnownFileType = file; path = "SourceSansPro-Black.ttf"; sourceTree = "<group>"; };
		03EA45FF26D3DFF200092347 /* AppColors.xcassets */ = {isa = PBXFileReference; lastKnownFileType = folder.assetcatalog; path = AppColors.xcassets; sourceTree = "<group>"; };
		03EA460226D4083200092347 /* Extension+UIFont.swift */ = {isa = PBXFileReference; lastKnownFileType = sourcecode.swift; path = "Extension+UIFont.swift"; sourceTree = "<group>"; };
/* End PBXFileReference section */

/* Begin PBXFrameworksBuildPhase section */
		03EA45C926D3DD0400092347 /* Frameworks */ = {
			isa = PBXFrameworksBuildPhase;
			buildActionMask = 2147483647;
			files = (
			);
			runOnlyForDeploymentPostprocessing = 0;
		};
/* End PBXFrameworksBuildPhase section */

/* Begin PBXGroup section */
		03EA45C326D3DD0400092347 = {
			isa = PBXGroup;
			children = (
				03EA45CE26D3DD0400092347 /* #1 DarkLight+Fonts */,
				03EA45CD26D3DD0400092347 /* Products */,
			);
			sourceTree = "<group>";
		};
		03EA45CD26D3DD0400092347 /* Products */ = {
			isa = PBXGroup;
			children = (
				03EA45CC26D3DD0400092347 /* #1 DarkLight+Fonts.app */,
			);
			name = Products;
			sourceTree = "<group>";
		};
		03EA45CE26D3DD0400092347 /* #1 DarkLight+Fonts */ = {
			isa = PBXGroup;
			children = (
				03EA45CF26D3DD0400092347 /* AppDelegate.swift */,
				03EA460226D4083200092347 /* Extension+UIFont.swift */,
				03EA45D126D3DD0400092347 /* SceneDelegate.swift */,
				03EA45D326D3DD0400092347 /* ViewController.swift */,
				03EA45D526D3DD0400092347 /* Main.storyboard */,
				03EA45D826D3DD0500092347 /* Assets.xcassets */,
				03EA45FF26D3DFF200092347 /* AppColors.xcassets */,
				03EA45DA26D3DD0500092347 /* LaunchScreen.storyboard */,
				03EA45DD26D3DD0500092347 /* Info.plist */,
				03EA45E426D3DD8F00092347 /* Fonts */,
			);
			path = "#1 DarkLight+Fonts";
			sourceTree = "<group>";
		};
		03EA45E426D3DD8F00092347 /* Fonts */ = {
			isa = PBXGroup;
			children = (
				03EA45F026D3DDD100092347 /* SourceSansPro-Black.ttf */,
				03EA45E526D3DDD100092347 /* SourceSansPro-BlackItalic.ttf */,
				03EA45E926D3DDD100092347 /* SourceSansPro-Bold.ttf */,
				03EA45ED26D3DDD100092347 /* SourceSansPro-BoldItalic.ttf */,
				03EA45E626D3DDD100092347 /* SourceSansPro-ExtraLight.ttf */,
				03EA45EC26D3DDD100092347 /* SourceSansPro-ExtraLightItalic.ttf */,
				03EA45E826D3DDD100092347 /* SourceSansPro-Italic.ttf */,
				03EA45EA26D3DDD100092347 /* SourceSansPro-Light.ttf */,
				03EA45EF26D3DDD100092347 /* SourceSansPro-LightItalic.ttf */,
				03EA45EB26D3DDD100092347 /* SourceSansPro-Regular.ttf */,
				03EA45E726D3DDD100092347 /* SourceSansPro-SemiBold.ttf */,
				03EA45EE26D3DDD100092347 /* SourceSansPro-SemiBoldItalic.ttf */,
			);
			path = Fonts;
			sourceTree = "<group>";
		};
/* End PBXGroup section */

/* Begin PBXNativeTarget section */
		03EA45CB26D3DD0400092347 /* #1 DarkLight+Fonts */ = {
			isa = PBXNativeTarget;
			buildConfigurationList = 03EA45E026D3DD0500092347 /* Build configuration list for PBXNativeTarget "#1 DarkLight+Fonts" */;
			buildPhases = (
				03EA45C826D3DD0400092347 /* Sources */,
				03EA45C926D3DD0400092347 /* Frameworks */,
				03EA45CA26D3DD0400092347 /* Resources */,
			);
			buildRules = (
			);
			dependencies = (
			);
			name = "#1 DarkLight+Fonts";
			productName = "#1 DarkLight+Fonts";
			productReference = 03EA45CC26D3DD0400092347 /* #1 DarkLight+Fonts.app */;
			productType = "com.apple.product-type.application";
		};
/* End PBXNativeTarget section */

/* Begin PBXProject section */
		03EA45C426D3DD0400092347 /* Project object */ = {
			isa = PBXProject;
			attributes = {
				LastSwiftUpdateCheck = 1230;
				LastUpgradeCheck = 1230;
				TargetAttributes = {
					03EA45CB26D3DD0400092347 = {
						CreatedOnToolsVersion = 12.3;
					};
				};
			};
			buildConfigurationList = 03EA45C726D3DD0400092347 /* Build configuration list for PBXProject "#1 DarkLight+Fonts" */;
			compatibilityVersion = "Xcode 9.3";
			developmentRegion = en;
			hasScannedForEncodings = 0;
			knownRegions = (
				en,
				Base,
			);
			mainGroup = 03EA45C326D3DD0400092347;
			productRefGroup = 03EA45CD26D3DD0400092347 /* Products */;
			projectDirPath = "";
			projectRoot = "";
			targets = (
				03EA45CB26D3DD0400092347 /* #1 DarkLight+Fonts */,
			);
		};
/* End PBXProject section */

/* Begin PBXResourcesBuildPhase section */
		03EA45CA26D3DD0400092347 /* Resources */ = {
			isa = PBXResourcesBuildPhase;
			buildActionMask = 2147483647;
			files = (
				03EA45F226D3DDD200092347 /* SourceSansPro-ExtraLight.ttf in Resources */,
				03EA460026D3DFF200092347 /* AppColors.xcassets in Resources */,
				03EA45F126D3DDD200092347 /* SourceSansPro-BlackItalic.ttf in Resources */,
				03EA45DC26D3DD0500092347 /* LaunchScreen.storyboard in Resources */,
				03EA45F626D3DDD200092347 /* SourceSansPro-Light.ttf in Resources */,
				03EA45FA26D3DDD200092347 /* SourceSansPro-SemiBoldItalic.ttf in Resources */,
				03EA45F326D3DDD200092347 /* SourceSansPro-SemiBold.ttf in Resources */,
				03EA45F726D3DDD200092347 /* SourceSansPro-Regular.ttf in Resources */,
				03EA45FB26D3DDD200092347 /* SourceSansPro-LightItalic.ttf in Resources */,
				03EA45F826D3DDD200092347 /* SourceSansPro-ExtraLightItalic.ttf in Resources */,
				03EA45F926D3DDD200092347 /* SourceSansPro-BoldItalic.ttf in Resources */,
				03EA45D926D3DD0500092347 /* Assets.xcassets in Resources */,
				03EA45F426D3DDD200092347 /* SourceSansPro-Italic.ttf in Resources */,
				03EA45D726D3DD0400092347 /* Main.storyboard in Resources */,
				03EA45FC26D3DDD200092347 /* SourceSansPro-Black.ttf in Resources */,
				03EA45F526D3DDD200092347 /* SourceSansPro-Bold.ttf in Resources */,
			);
			runOnlyForDeploymentPostprocessing = 0;
		};
/* End PBXResourcesBuildPhase section */

/* Begin PBXSourcesBuildPhase section */
		03EA45C826D3DD0400092347 /* Sources */ = {
			isa = PBXSourcesBuildPhase;
			buildActionMask = 2147483647;
			files = (
				03EA45D426D3DD0400092347 /* ViewController.swift in Sources */,
				03EA45D026D3DD0400092347 /* AppDelegate.swift in Sources */,
				03EA460326D4083200092347 /* Extension+UIFont.swift in Sources */,
				03EA45D226D3DD0400092347 /* SceneDelegate.swift in Sources */,
			);
			runOnlyForDeploymentPostprocessing = 0;
		};
/* End PBXSourcesBuildPhase section */

/* Begin PBXVariantGroup section */
		03EA45D526D3DD0400092347 /* Main.storyboard */ = {
			isa = PBXVariantGroup;
			children = (
				03EA45D626D3DD0400092347 /* Base */,
			);
			name = Main.storyboard;
			sourceTree = "<group>";
		};
		03EA45DA26D3DD0500092347 /* LaunchScreen.storyboard */ = {
			isa = PBXVariantGroup;
			children = (
				03EA45DB26D3DD0500092347 /* Base */,
			);
			name = LaunchScreen.storyboard;
			sourceTree = "<group>";
		};
/* End PBXVariantGroup section */

/* Begin XCBuildConfiguration section */
		03EA45DE26D3DD0500092347 /* Debug */ = {
			isa = XCBuildConfiguration;
			buildSettings = {
				ALWAYS_SEARCH_USER_PATHS = NO;
				CLANG_ANALYZER_NONNULL = YES;
				CLANG_ANALYZER_NUMBER_OBJECT_CONVERSION = YES_AGGRESSIVE;
				CLANG_CXX_LANGUAGE_STANDARD = "gnu++14";
				CLANG_CXX_LIBRARY = "libc++";
				CLANG_ENABLE_MODULES = YES;
				CLANG_ENABLE_OBJC_ARC = YES;
				CLANG_ENABLE_OBJC_WEAK = YES;
				CLANG_WARN_BLOCK_CAPTURE_AUTORELEASING = YES;
				CLANG_WARN_BOOL_CONVERSION = YES;
				CLANG_WARN_COMMA = YES;
				CLANG_WARN_CONSTANT_CONVERSION = YES;
				CLANG_WARN_DEPRECATED_OBJC_IMPLEMENTATIONS = YES;
				CLANG_WARN_DIRECT_OBJC_ISA_USAGE = YES_ERROR;
				CLANG_WARN_DOCUMENTATION_COMMENTS = YES;
				CLANG_WARN_EMPTY_BODY = YES;
				CLANG_WARN_ENUM_CONVERSION = YES;
				CLANG_WARN_INFINITE_RECURSION = YES;
				CLANG_WARN_INT_CONVERSION = YES;
				CLANG_WARN_NON_LITERAL_NULL_CONVERSION = YES;
				CLANG_WARN_OBJC_IMPLICIT_RETAIN_SELF = YES;
				CLANG_WARN_OBJC_LITERAL_CONVERSION = YES;
				CLANG_WARN_OBJC_ROOT_CLASS = YES_ERROR;
				CLANG_WARN_QUOTED_INCLUDE_IN_FRAMEWORK_HEADER = YES;
				CLANG_WARN_RANGE_LOOP_ANALYSIS = YES;
				CLANG_WARN_STRICT_PROTOTYPES = YES;
				CLANG_WARN_SUSPICIOUS_MOVE = YES;
				CLANG_WARN_UNGUARDED_AVAILABILITY = YES_AGGRESSIVE;
				CLANG_WARN_UNREACHABLE_CODE = YES;
				CLANG_WARN__DUPLICATE_METHOD_MATCH = YES;
				COPY_PHASE_STRIP = NO;
				DEBUG_INFORMATION_FORMAT = dwarf;
				ENABLE_STRICT_OBJC_MSGSEND = YES;
				ENABLE_TESTABILITY = YES;
				GCC_C_LANGUAGE_STANDARD = gnu11;
				GCC_DYNAMIC_NO_PIC = NO;
				GCC_NO_COMMON_BLOCKS = YES;
				GCC_OPTIMIZATION_LEVEL = 0;
				GCC_PREPROCESSOR_DEFINITIONS = (
					"DEBUG=1",
					"$(inherited)",
				);
				GCC_WARN_64_TO_32_BIT_CONVERSION = YES;
				GCC_WARN_ABOUT_RETURN_TYPE = YES_ERROR;
				GCC_WARN_UNDECLARED_SELECTOR = YES;
				GCC_WARN_UNINITIALIZED_AUTOS = YES_AGGRESSIVE;
				GCC_WARN_UNUSED_FUNCTION = YES;
				GCC_WARN_UNUSED_VARIABLE = YES;
				IPHONEOS_DEPLOYMENT_TARGET = 14.3;
				MTL_ENABLE_DEBUG_INFO = INCLUDE_SOURCE;
				MTL_FAST_MATH = YES;
				ONLY_ACTIVE_ARCH = YES;
				SDKROOT = iphoneos;
				SWIFT_ACTIVE_COMPILATION_CONDITIONS = DEBUG;
				SWIFT_OPTIMIZATION_LEVEL = "-Onone";
			};
			name = Debug;
		};
		03EA45DF26D3DD0500092347 /* Release */ = {
			isa = XCBuildConfiguration;
			buildSettings = {
				ALWAYS_SEARCH_USER_PATHS = NO;
				CLANG_ANALYZER_NONNULL = YES;
				CLANG_ANALYZER_NUMBER_OBJECT_CONVERSION = YES_AGGRESSIVE;
				CLANG_CXX_LANGUAGE_STANDARD = "gnu++14";
				CLANG_CXX_LIBRARY = "libc++";
				CLANG_ENABLE_MODULES = YES;
				CLANG_ENABLE_OBJC_ARC = YES;
				CLANG_ENABLE_OBJC_WEAK = YES;
				CLANG_WARN_BLOCK_CAPTURE_AUTORELEASING = YES;
				CLANG_WARN_BOOL_CONVERSION = YES;
				CLANG_WARN_COMMA = YES;
				CLANG_WARN_CONSTANT_CONVERSION = YES;
				CLANG_WARN_DEPRECATED_OBJC_IMPLEMENTATIONS = YES;
				CLANG_WARN_DIRECT_OBJC_ISA_USAGE = YES_ERROR;
				CLANG_WARN_DOCUMENTATION_COMMENTS = YES;
				CLANG_WARN_EMPTY_BODY = YES;
				CLANG_WARN_ENUM_CONVERSION = YES;
				CLANG_WARN_INFINITE_RECURSION = YES;
				CLANG_WARN_INT_CONVERSION = YES;
				CLANG_WARN_NON_LITERAL_NULL_CONVERSION = YES;
				CLANG_WARN_OBJC_IMPLICIT_RETAIN_SELF = YES;
				CLANG_WARN_OBJC_LITERAL_CONVERSION = YES;
				CLANG_WARN_OBJC_ROOT_CLASS = YES_ERROR;
				CLANG_WARN_QUOTED_INCLUDE_IN_FRAMEWORK_HEADER = YES;
				CLANG_WARN_RANGE_LOOP_ANALYSIS = YES;
				CLANG_WARN_STRICT_PROTOTYPES = YES;
				CLANG_WARN_SUSPICIOUS_MOVE = YES;
				CLANG_WARN_UNGUARDED_AVAILABILITY = YES_AGGRESSIVE;
				CLANG_WARN_UNREACHABLE_CODE = YES;
				CLANG_WARN__DUPLICATE_METHOD_MATCH = YES;
				COPY_PHASE_STRIP = NO;
				DEBUG_INFORMATION_FORMAT = "dwarf-with-dsym";
				ENABLE_NS_ASSERTIONS = NO;
				ENABLE_STRICT_OBJC_MSGSEND = YES;
				GCC_C_LANGUAGE_STANDARD = gnu11;
				GCC_NO_COMMON_BLOCKS = YES;
				GCC_WARN_64_TO_32_BIT_CONVERSION = YES;
				GCC_WARN_ABOUT_RETURN_TYPE = YES_ERROR;
				GCC_WARN_UNDECLARED_SELECTOR = YES;
				GCC_WARN_UNINITIALIZED_AUTOS = YES_AGGRESSIVE;
				GCC_WARN_UNUSED_FUNCTION = YES;
				GCC_WARN_UNUSED_VARIABLE = YES;
				IPHONEOS_DEPLOYMENT_TARGET = 14.3;
				MTL_ENABLE_DEBUG_INFO = NO;
				MTL_FAST_MATH = YES;
				SDKROOT = iphoneos;
				SWIFT_COMPILATION_MODE = wholemodule;
				SWIFT_OPTIMIZATION_LEVEL = "-O";
				VALIDATE_PRODUCT = YES;
			};
			name = Release;
		};
		03EA45E126D3DD0500092347 /* Debug */ = {
			isa = XCBuildConfiguration;
			buildSettings = {
				ASSETCATALOG_COMPILER_APPICON_NAME = AppIcon;
				ASSETCATALOG_COMPILER_GLOBAL_ACCENT_COLOR_NAME = AccentColor;
				CODE_SIGN_STYLE = Automatic;
				DEVELOPMENT_TEAM = AQFFSGHN7X;
				INFOPLIST_FILE = "#1 DarkLight+Fonts/Info.plist";
				LD_RUNPATH_SEARCH_PATHS = (
					"$(inherited)",
					"@executable_path/Frameworks",
				);
				PRODUCT_BUNDLE_IDENTIFIER = "weets.-1-DarkLight-Fonts";
				PRODUCT_NAME = "$(TARGET_NAME)";
				SWIFT_VERSION = 5.0;
				TARGETED_DEVICE_FAMILY = "1,2";
			};
			name = Debug;
		};
		03EA45E226D3DD0500092347 /* Release */ = {
			isa = XCBuildConfiguration;
			buildSettings = {
				ASSETCATALOG_COMPILER_APPICON_NAME = AppIcon;
				ASSETCATALOG_COMPILER_GLOBAL_ACCENT_COLOR_NAME = AccentColor;
				CODE_SIGN_STYLE = Automatic;
				DEVELOPMENT_TEAM = AQFFSGHN7X;
				INFOPLIST_FILE = "#1 DarkLight+Fonts/Info.plist";
				LD_RUNPATH_SEARCH_PATHS = (
					"$(inherited)",
					"@executable_path/Frameworks",
				);
				PRODUCT_BUNDLE_IDENTIFIER = "weets.-1-DarkLight-Fonts";
				PRODUCT_NAME = "$(TARGET_NAME)";
				SWIFT_VERSION = 5.0;
				TARGETED_DEVICE_FAMILY = "1,2";
			};
			name = Release;
		};
/* End XCBuildConfiguration section */

/* Begin XCConfigurationList section */
		03EA45C726D3DD0400092347 /* Build configuration list for PBXProject "#1 DarkLight+Fonts" */ = {
			isa = XCConfigurationList;
			buildConfigurations = (
				03EA45DE26D3DD0500092347 /* Debug */,
				03EA45DF26D3DD0500092347 /* Release */,
			);
			defaultConfigurationIsVisible = 0;
			defaultConfigurationName = Release;
		};
		03EA45E026D3DD0500092347 /* Build configuration list for PBXNativeTarget "#1 DarkLight+Fonts" */ = {
			isa = XCConfigurationList;
			buildConfigurations = (
				03EA45E126D3DD0500092347 /* Debug */,
				03EA45E226D3DD0500092347 /* Release */,
			);
			defaultConfigurationIsVisible = 0;
			defaultConfigurationName = Release;
		};
/* End XCConfigurationList section */
	};
	rootObject = 03EA45C426D3DD0400092347 /* Project object */;
}
